Microsoft Visual Studio Solution File, Format Version 12.00
# Visual Studio Version 17
VisualStudioVersion = 17.0.31903.59
MinimumVisualStudioVersion = 10.0.40219.1
Project("{2150E333-8FDC-42A3-9474-1A3956D46DE8}") = "src", "src", "{344AB3B5-2CDA-40C8-9ABB-5C3AEA5D0A4A}"
EndProject
Project("{2150E333-8FDC-42A3-9474-1A3956D46DE8}") = "tests", "tests", "{8BC9CEB8-8B4A-11D0-8D11-00A0C91BC942}"
EndProject
Project("{FAE04EC0-301F-11D3-BF4B-00C04F79EFBC}") = "TeamStride.Domain", "src\TeamStride.Domain\TeamStride.Domain.csproj", "{59F3D7D7-BF86-40AD-9B1A-25F4F7A3A919}"
EndProject
Project("{FAE04EC0-301F-11D3-BF4B-00C04F79EFBC}") = "TeamStride.Infrastructure", "src\TeamStride.Infrastructure\TeamStride.Infrastructure.csproj", "{62CFFD24-F8E5-4217-81FD-AA0B0A3816E4}"
EndProject
Project("{FAE04EC0-301F-11D3-BF4B-00C04F79EFBC}") = "TeamStride.Application", "src\TeamStride.Application\TeamStride.Application.csproj", "{1D3B2BB7-F35C-4033-8368-58A8D9F5FF5A}"
EndProject
Project("{FAE04EC0-301F-11D3-BF4B-00C04F79EFBC}") = "TeamStride.Api", "src\TeamStride.Api\TeamStride.Api.csproj", "{ABFB4608-46C6-49DD-92F2-BAE9650F076D}"
EndProject
Project("{FAE04EC0-301F-11D3-BF4B-00C04F79EFBC}") = "TeamStride.Domain.Tests", "tests\TeamStride.Domain.Tests\TeamStride.Domain.Tests.csproj", "{A1B2C3D4-E5F6-7890-ABCD-EF1234567890}"
EndProject
Project("{FAE04EC0-301F-11D3-BF4B-00C04F79EFBC}") = "TeamStride.Application.Tests", "tests\TeamStride.Application.Tests\TeamStride.Application.Tests.csproj", "{B2C3D4E5-F6G7-8901-BCDE-F23456789012}"
EndProject
Project("{FAE04EC0-301F-11D3-BF4B-00C04F79EFBC}") = "TeamStride.Infrastructure.Tests", "tests\TeamStride.Infrastructure.Tests\TeamStride.Infrastructure.Tests.csproj", "{C3D4E5F6-G7H8-9012-CDEF-345678901234}"
EndProject
Project("{FAE04EC0-301F-11D3-BF4B-00C04F79EFBC}") = "TeamStride.Api.Tests", "tests\TeamStride.Api.Tests\TeamStride.Api.Tests.csproj", "{D4E5F6G7-H8I9-0123-DEF4-56789012345A}"
EndProject
Project("{FAE04EC0-301F-11D3-BF4B-00C04F79EFBC}") = "TeamStride.IntegrationTests", "tests\TeamStride.IntegrationTests\TeamStride.IntegrationTests.csproj", "{E5F6G7H8-I9J0-1234-EF56-789012345ABC}"
EndProject
Global
	GlobalSection(SolutionConfigurationPlatforms) = preSolution
		Debug|Any CPU = Debug|Any CPU
		Release|Any CPU = Release|Any CPU
	EndGlobalSection
	GlobalSection(SolutionProperties) = preSolution
		HideSolutionNode = FALSE
	EndGlobalSection
	GlobalSection(ProjectConfigurationPlatforms) = postSolution
		{59F3D7D7-BF86-40AD-9B1A-25F4F7A3A919}.Debug|Any CPU.ActiveCfg = Debug|Any CPU
		{59F3D7D7-BF86-40AD-9B1A-25F4F7A3A919}.Debug|Any CPU.Build.0 = Debug|Any CPU
		{59F3D7D7-BF86-40AD-9B1A-25F4F7A3A919}.Release|Any CPU.ActiveCfg = Release|Any CPU
		{59F3D7D7-BF86-40AD-9B1A-25F4F7A3A919}.Release|Any CPU.Build.0 = Release|Any CPU
		{62CFFD24-F8E5-4217-81FD-AA0B0A3816E4}.Debug|Any CPU.ActiveCfg = Debug|Any CPU
		{62CFFD24-F8E5-4217-81FD-AA0B0A3816E4}.Debug|Any CPU.Build.0 = Debug|Any CPU
		{62CFFD24-F8E5-4217-81FD-AA0B0A3816E4}.Release|Any CPU.ActiveCfg = Release|Any CPU
		{62CFFD24-F8E5-4217-81FD-AA0B0A3816E4}.Release|Any CPU.Build.0 = Release|Any CPU
		{1D3B2BB7-F35C-4033-8368-58A8D9F5FF5A}.Debug|Any CPU.ActiveCfg = Debug|Any CPU
		{1D3B2BB7-F35C-4033-8368-58A8D9F5FF5A}.Debug|Any CPU.Build.0 = Debug|Any CPU
		{1D3B2BB7-F35C-4033-8368-58A8D9F5FF5A}.Release|Any CPU.ActiveCfg = Release|Any CPU
		{1D3B2BB7-F35C-4033-8368-58A8D9F5FF5A}.Release|Any CPU.Build.0 = Release|Any CPU
		{ABFB4608-46C6-49DD-92F2-BAE9650F076D}.Debug|Any CPU.ActiveCfg = Debug|Any CPU
		{ABFB4608-46C6-49DD-92F2-BAE9650F076D}.Debug|Any CPU.Build.0 = Debug|Any CPU
		{ABFB4608-46C6-49DD-92F2-BAE9650F076D}.Release|Any CPU.ActiveCfg = Release|Any CPU
		{ABFB4608-46C6-49DD-92F2-BAE9650F076D}.Release|Any CPU.Build.0 = Release|Any CPU
		{A1B2C3D4-E5F6-7890-ABCD-EF1234567890}.Debug|Any CPU.ActiveCfg = Debug|Any CPU
		{A1B2C3D4-E5F6-7890-ABCD-EF1234567890}.Debug|Any CPU.Build.0 = Debug|Any CPU
		{A1B2C3D4-E5F6-7890-ABCD-EF1234567890}.Release|Any CPU.ActiveCfg = Release|Any CPU
		{A1B2C3D4-E5F6-7890-ABCD-EF1234567890}.Release|Any CPU.Build.0 = Release|Any CPU
		{B2C3D4E5-F6G7-8901-BCDE-F23456789012}.Debug|Any CPU.ActiveCfg = Debug|Any CPU
		{B2C3D4E5-F6G7-8901-BCDE-F23456789012}.Debug|Any CPU.Build.0 = Debug|Any CPU
		{B2C3D4E5-F6G7-8901-BCDE-F23456789012}.Release|Any CPU.ActiveCfg = Release|Any CPU
		{B2C3D4E5-F6G7-8901-BCDE-F23456789012}.Release|Any CPU.Build.0 = Release|Any CPU
		{C3D4E5F6-G7H8-9012-CDEF-345678901234}.Debug|Any CPU.ActiveCfg = Debug|Any CPU
		{C3D4E5F6-G7H8-9012-CDEF-345678901234}.Debug|Any CPU.Build.0 = Debug|Any CPU
		{C3D4E5F6-G7H8-9012-CDEF-345678901234}.Release|Any CPU.ActiveCfg = Release|Any CPU
		{C3D4E5F6-G7H8-9012-CDEF-345678901234}.Release|Any CPU.Build.0 = Release|Any CPU
		{D4E5F6G7-H8I9-0123-DEF4-56789012345A}.Debug|Any CPU.ActiveCfg = Debug|Any CPU
		{D4E5F6G7-H8I9-0123-DEF4-56789012345A}.Debug|Any CPU.Build.0 = Debug|Any CPU
		{D4E5F6G7-H8I9-0123-DEF4-56789012345A}.Release|Any CPU.ActiveCfg = Release|Any CPU
		{D4E5F6G7-H8I9-0123-DEF4-56789012345A}.Release|Any CPU.Build.0 = Release|Any CPU
		{E5F6G7H8-I9J0-1234-EF56-789012345ABC}.Debug|Any CPU.ActiveCfg = Debug|Any CPU
		{E5F6G7H8-I9J0-1234-EF56-789012345ABC}.Debug|Any CPU.Build.0 = Debug|Any CPU
		{E5F6G7H8-I9J0-1234-EF56-789012345ABC}.Release|Any CPU.ActiveCfg = Release|Any CPU
		{E5F6G7H8-I9J0-1234-EF56-789012345ABC}.Release|Any CPU.Build.0 = Release|Any CPU
	EndGlobalSection
	GlobalSection(NestedProjects) = preSolution
		{59F3D7D7-BF86-40AD-9B1A-25F4F7A3A919} = {344AB3B5-2CDA-40C8-9ABB-5C3AEA5D0A4A}
		{62CFFD24-F8E5-4217-81FD-AA0B0A3816E4} = {344AB3B5-2CDA-40C8-9ABB-5C3AEA5D0A4A}
		{1D3B2BB7-F35C-4033-8368-58A8D9F5FF5A} = {344AB3B5-2CDA-40C8-9ABB-5C3AEA5D0A4A}
		{ABFB4608-46C6-49DD-92F2-BAE9650F076D} = {344AB3B5-2CDA-40C8-9ABB-5C3AEA5D0A4A}
		{A1B2C3D4-E5F6-7890-ABCD-EF1234567890} = {8BC9CEB8-8B4A-11D0-8D11-00A0C91BC942}
		{B2C3D4E5-F6G7-8901-BCDE-F23456789012} = {8BC9CEB8-8B4A-11D0-8D11-00A0C91BC942}
		{C3D4E5F6-G7H8-9012-CDEF-345678901234} = {8BC9CEB8-8B4A-11D0-8D11-00A0C91BC942}
		{D4E5F6G7-H8I9-0123-DEF4-56789012345A} = {8BC9CEB8-8B4A-11D0-8D11-00A0C91BC942}
		{E5F6G7H8-I9J0-1234-EF56-789012345ABC} = {8BC9CEB8-8B4A-11D0-8D11-00A0C91BC942}
	EndGlobalSection
EndGlobal
