Microsoft Visual Studio Solution File, Format Version 12.00
# Visual Studio Version 17
VisualStudioVersion = 17.0.31903.59
MinimumVisualStudioVersion = 10.0.40219.1
Project("{2150E333-8FDC-42A3-9474-1A3956D46DE8}") = "src", "src", "{344AB3B5-2CDA-40C8-9ABB-5C3AEA5D0A4A}"
EndProject
Project("{2150E333-8FDC-42A3-9474-1A3956D46DE8}") = "tests", "tests", "{8BC9CEB8-8B4A-11D0-8D11-00A0C91BC942}"
EndProject
Project("{FAE04EC0-301F-11D3-BF4B-00C04F79EFBC}") = "TeamStride.Api", "src\TeamStride.Api\TeamStride.Api.csproj", "{AB4B4C3E-7FAA-4469-8F29-2058F2006932}"
EndProject
Project("{FAE04EC0-301F-11D3-BF4B-00C04F79EFBC}") = "TeamStride.Application", "src\TeamStride.Application\TeamStride.Application.csproj", "{546DD2A1-643D-4761-9A11-834CCF780022}"
EndProject
Project("{FAE04EC0-301F-11D3-BF4B-00C04F79EFBC}") = "TeamStride.Domain", "src\TeamStride.Domain\TeamStride.Domain.csproj", "{5BB165C5-E6A2-4E02-9E6B-857E05074047}"
EndProject
Project("{FAE04EC0-301F-11D3-BF4B-00C04F79EFBC}") = "TeamStride.Infrastructure", "src\TeamStride.Infrastructure\TeamStride.Infrastructure.csproj", "{2605F5E7-0F70-41B9-BCE3-C9E3E83D8718}"
EndProject
Project("{FAE04EC0-301F-11D3-BF4B-00C04F79EFBC}") = "TeamStride.Domain.Tests", "tests\TeamStride.Domain.Tests\TeamStride.Domain.Tests.csproj", "{97C2241C-F56D-4C23-9BBE-66AE65D37DC7}"
EndProject
Project("{FAE04EC0-301F-11D3-BF4B-00C04F79EFBC}") = "TeamStride.Application.Tests", "tests\TeamStride.Application.Tests\TeamStride.Application.Tests.csproj", "{3B942A50-72C0-4699-9943-FE31D5AAA4E2}"
EndProject
Project("{FAE04EC0-301F-11D3-BF4B-00C04F79EFBC}") = "TeamStride.Infrastructure.Tests", "tests\TeamStride.Infrastructure.Tests\TeamStride.Infrastructure.Tests.csproj", "{8E8DA274-EFE8-4B92-9FB7-D719B85C38F0}"
EndProject
Project("{FAE04EC0-301F-11D3-BF4B-00C04F79EFBC}") = "TeamStride.Api.Tests", "tests\TeamStride.Api.Tests\TeamStride.Api.Tests.csproj", "{11E535D8-A4B1-4A93-98B5-F7118EF797E7}"
EndProject
Project("{FAE04EC0-301F-11D3-BF4B-00C04F79EFBC}") = "TeamStride.IntegrationTests", "tests\TeamStride.IntegrationTests\TeamStride.IntegrationTests.csproj", "{E662CAD1-BDAD-42EE-B548-D9AC3FCEB74C}"
EndProject
Global
	GlobalSection(SolutionConfigurationPlatforms) = preSolution
		Debug|Any CPU = Debug|Any CPU
		Release|Any CPU = Release|Any CPU
	EndGlobalSection
	GlobalSection(SolutionProperties) = preSolution
		HideSolutionNode = FALSE
	EndGlobalSection
	GlobalSection(ProjectConfigurationPlatforms) = postSolution
		{AB4B4C3E-7FAA-4469-8F29-2058F2006932}.Debug|Any CPU.ActiveCfg = Debug|Any CPU
		{AB4B4C3E-7FAA-4469-8F29-2058F2006932}.Debug|Any CPU.Build.0 = Debug|Any CPU
		{AB4B4C3E-7FAA-4469-8F29-2058F2006932}.Release|Any CPU.ActiveCfg = Release|Any CPU
		{AB4B4C3E-7FAA-4469-8F29-2058F2006932}.Release|Any CPU.Build.0 = Release|Any CPU
		{546DD2A1-643D-4761-9A11-834CCF780022}.Debug|Any CPU.ActiveCfg = Debug|Any CPU
		{546DD2A1-643D-4761-9A11-834CCF780022}.Debug|Any CPU.Build.0 = Debug|Any CPU
		{546DD2A1-643D-4761-9A11-834CCF780022}.Release|Any CPU.ActiveCfg = Release|Any CPU
		{546DD2A1-643D-4761-9A11-834CCF780022}.Release|Any CPU.Build.0 = Release|Any CPU
		{5BB165C5-E6A2-4E02-9E6B-857E05074047}.Debug|Any CPU.ActiveCfg = Debug|Any CPU
		{5BB165C5-E6A2-4E02-9E6B-857E05074047}.Debug|Any CPU.Build.0 = Debug|Any CPU
		{5BB165C5-E6A2-4E02-9E6B-857E05074047}.Release|Any CPU.ActiveCfg = Release|Any CPU
		{5BB165C5-E6A2-4E02-9E6B-857E05074047}.Release|Any CPU.Build.0 = Release|Any CPU
		{2605F5E7-0F70-41B9-BCE3-C9E3E83D8718}.Debug|Any CPU.ActiveCfg = Debug|Any CPU
		{2605F5E7-0F70-41B9-BCE3-C9E3E83D8718}.Debug|Any CPU.Build.0 = Debug|Any CPU
		{2605F5E7-0F70-41B9-BCE3-C9E3E83D8718}.Release|Any CPU.ActiveCfg = Release|Any CPU
		{2605F5E7-0F70-41B9-BCE3-C9E3E83D8718}.Release|Any CPU.Build.0 = Release|Any CPU
		{97C2241C-F56D-4C23-9BBE-66AE65D37DC7}.Debug|Any CPU.ActiveCfg = Debug|Any CPU
		{97C2241C-F56D-4C23-9BBE-66AE65D37DC7}.Debug|Any CPU.Build.0 = Debug|Any CPU
		{97C2241C-F56D-4C23-9BBE-66AE65D37DC7}.Release|Any CPU.ActiveCfg = Release|Any CPU
		{97C2241C-F56D-4C23-9BBE-66AE65D37DC7}.Release|Any CPU.Build.0 = Release|Any CPU
		{3B942A50-72C0-4699-9943-FE31D5AAA4E2}.Debug|Any CPU.ActiveCfg = Debug|Any CPU
		{3B942A50-72C0-4699-9943-FE31D5AAA4E2}.Debug|Any CPU.Build.0 = Debug|Any CPU
		{3B942A50-72C0-4699-9943-FE31D5AAA4E2}.Release|Any CPU.ActiveCfg = Release|Any CPU
		{3B942A50-72C0-4699-9943-FE31D5AAA4E2}.Release|Any CPU.Build.0 = Release|Any CPU
		{8E8DA274-EFE8-4B92-9FB7-D719B85C38F0}.Debug|Any CPU.ActiveCfg = Debug|Any CPU
		{8E8DA274-EFE8-4B92-9FB7-D719B85C38F0}.Debug|Any CPU.Build.0 = Debug|Any CPU
		{8E8DA274-EFE8-4B92-9FB7-D719B85C38F0}.Release|Any CPU.ActiveCfg = Release|Any CPU
		{8E8DA274-EFE8-4B92-9FB7-D719B85C38F0}.Release|Any CPU.Build.0 = Release|Any CPU
		{11E535D8-A4B1-4A93-98B5-F7118EF797E7}.Debug|Any CPU.ActiveCfg = Debug|Any CPU
		{11E535D8-A4B1-4A93-98B5-F7118EF797E7}.Debug|Any CPU.Build.0 = Debug|Any CPU
		{11E535D8-A4B1-4A93-98B5-F7118EF797E7}.Release|Any CPU.ActiveCfg = Release|Any CPU
		{11E535D8-A4B1-4A93-98B5-F7118EF797E7}.Release|Any CPU.Build.0 = Release|Any CPU
		{E662CAD1-BDAD-42EE-B548-D9AC3FCEB74C}.Debug|Any CPU.ActiveCfg = Debug|Any CPU
		{E662CAD1-BDAD-42EE-B548-D9AC3FCEB74C}.Debug|Any CPU.Build.0 = Debug|Any CPU
		{E662CAD1-BDAD-42EE-B548-D9AC3FCEB74C}.Release|Any CPU.ActiveCfg = Release|Any CPU
		{E662CAD1-BDAD-42EE-B548-D9AC3FCEB74C}.Release|Any CPU.Build.0 = Release|Any CPU
	EndGlobalSection
	GlobalSection(NestedProjects) = preSolution
		{AB4B4C3E-7FAA-4469-8F29-2058F2006932} = {344AB3B5-2CDA-40C8-9ABB-5C3AEA5D0A4A}
		{546DD2A1-643D-4761-9A11-834CCF780022} = {344AB3B5-2CDA-40C8-9ABB-5C3AEA5D0A4A}
		{5BB165C5-E6A2-4E02-9E6B-857E05074047} = {344AB3B5-2CDA-40C8-9ABB-5C3AEA5D0A4A}
		{2605F5E7-0F70-41B9-BCE3-C9E3E83D8718} = {344AB3B5-2CDA-40C8-9ABB-5C3AEA5D0A4A}
		{97C2241C-F56D-4C23-9BBE-66AE65D37DC7} = {8BC9CEB8-8B4A-11D0-8D11-00A0C91BC942}
		{3B942A50-72C0-4699-9943-FE31D5AAA4E2} = {8BC9CEB8-8B4A-11D0-8D11-00A0C91BC942}
		{8E8DA274-EFE8-4B92-9FB7-D719B85C38F0} = {8BC9CEB8-8B4A-11D0-8D11-00A0C91BC942}
		{11E535D8-A4B1-4A93-98B5-F7118EF797E7} = {8BC9CEB8-8B4A-11D0-8D11-00A0C91BC942}
		{E662CAD1-BDAD-42EE-B548-D9AC3FCEB74C} = {8BC9CEB8-8B4A-11D0-8D11-00A0C91BC942}
	EndGlobalSection
EndGlobal
